
Microsoft Visual Studio Solution File, Format Version 12.00
# Visual Studio Version 16
VisualStudioVersion = 16.0.30907.101
MinimumVisualStudioVersion = 10.0.40219.1
Project("{FAE04EC0-301F-11D3-BF4B-00C04F79EFBC}") = "TesteGIT", "TesteGIT.csproj", "{B60D7E22-162A-4AE8-BBE5-3005EAF9DA95}"
EndProject
Global
	GlobalSection(SolutionConfigurationPlatforms) = preSolution
		Debug|Any CPU = Debug|Any CPU
		Release|Any CPU = Release|Any CPU
	EndGlobalSection
	GlobalSection(ProjectConfigurationPlatforms) = postSolution
		{B60D7E22-162A-4AE8-BBE5-3005EAF9DA95}.Debug|Any CPU.ActiveCfg = Debug|Any CPU
		{B60D7E22-162A-4AE8-BBE5-3005EAF9DA95}.Debug|Any CPU.Build.0 = Debug|Any CPU
		{B60D7E22-162A-4AE8-BBE5-3005EAF9DA95}.Release|Any CPU.ActiveCfg = Release|Any CPU
		{B60D7E22-162A-4AE8-BBE5-3005EAF9DA95}.Release|Any CPU.Build.0 = Release|Any CPU
	EndGlobalSection
	GlobalSection(SolutionProperties) = preSolution
		HideSolutionNode = FALSE
	EndGlobalSection
	GlobalSection(ExtensibilityGlobals) = postSolution
		SolutionGuid = {66AC5E44-6C69-404E-AAF8-B031178E2D9F}
	EndGlobalSection
EndGlobal
